
Microsoft Visual Studio Solution File, Format Version 12.00
# Visual Studio Version 16
VisualStudioVersion = 16.0.29020.237
MinimumVisualStudioVersion = 10.0.40219.1
Project("{9A19103F-16F7-4668-BE54-9A1E7A4F7556}") = "EventHub.Domain", "src\EventHub.Domain\EventHub.Domain.csproj", "{554AD327-6DBA-4F8F-96F8-81CE7A0C863F}"
EndProject
Project("{9A19103F-16F7-4668-BE54-9A1E7A4F7556}") = "EventHub.Application", "src\EventHub.Application\EventHub.Application.csproj", "{1A94A50E-06DC-43C1-80B5-B662820EC3EB}"
EndProject
Project("{9A19103F-16F7-4668-BE54-9A1E7A4F7556}") = "EventHub.EntityFrameworkCore", "src\EventHub.EntityFrameworkCore\EventHub.EntityFrameworkCore.csproj", "{C956DD76-69C8-4A9C-83EA-D17DF83340FD}"
EndProject
Project("{2150E333-8FDC-42A3-9474-1A3956D46DE8}") = "src", "src", "{CA9AC87F-097E-4F15-8393-4BC07735A5B0}"
EndProject
Project("{2150E333-8FDC-42A3-9474-1A3956D46DE8}") = "test", "test", "{04DBDB01-70F4-4E06-B468-8F87850B22BE}"
EndProject
Project("{9A19103F-16F7-4668-BE54-9A1E7A4F7556}") = "EventHub.Application.Tests", "test\EventHub.Application.Tests\EventHub.Application.Tests.csproj", "{50B2631D-129C-47B3-A587-029CCD6099BC}"
EndProject
Project("{9A19103F-16F7-4668-BE54-9A1E7A4F7556}") = "EventHub.Domain.Shared", "src\EventHub.Domain.Shared\EventHub.Domain.Shared.csproj", "{42F719ED-8413-4895-B5B4-5AB56079BC66}"
EndProject
Project("{9A19103F-16F7-4668-BE54-9A1E7A4F7556}") = "EventHub.Application.Contracts", "src\EventHub.Application.Contracts\EventHub.Application.Contracts.csproj", "{520659C8-C734-4298-A3DA-B539DB9DFC0B}"
EndProject
Project("{9A19103F-16F7-4668-BE54-9A1E7A4F7556}") = "EventHub.HttpApi", "src\EventHub.HttpApi\EventHub.HttpApi.csproj", "{4164BDF7-F527-4E85-9CE6-E3C2D7426A27}"
EndProject
Project("{9A19103F-16F7-4668-BE54-9A1E7A4F7556}") = "EventHub.HttpApi.Client", "src\EventHub.HttpApi.Client\EventHub.HttpApi.Client.csproj", "{3B5A0094-670D-4BB1-BFDD-61B88A8773DC}"
EndProject
Project("{9A19103F-16F7-4668-BE54-9A1E7A4F7556}") = "EventHub.IdentityServer", "src\EventHub.IdentityServer\EventHub.IdentityServer.csproj", "{073C361E-B8F4-49F5-93CC-72A3FF49C026}"
EndProject
Project("{9A19103F-16F7-4668-BE54-9A1E7A4F7556}") = "EventHub.HttpApi.Host", "src\EventHub.HttpApi.Host\EventHub.HttpApi.Host.csproj", "{E6D5BF0E-DE92-4D82-A352-EF04B37CB11C}"
EndProject
Project("{9A19103F-16F7-4668-BE54-9A1E7A4F7556}") = "EventHub.EntityFrameworkCore.Tests", "test\EventHub.EntityFrameworkCore.Tests\EventHub.EntityFrameworkCore.Tests.csproj", "{1FE30EB9-74A9-47F5-A9F6-7B1FAB672D81}"
EndProject
Project("{9A19103F-16F7-4668-BE54-9A1E7A4F7556}") = "EventHub.TestBase", "test\EventHub.TestBase\EventHub.TestBase.csproj", "{91853F21-9CD9-4132-BC29-A7D5D84FFFE7}"
EndProject
Project("{9A19103F-16F7-4668-BE54-9A1E7A4F7556}") = "EventHub.Domain.Tests", "test\EventHub.Domain.Tests\EventHub.Domain.Tests.csproj", "{E512F4D9-9375-480F-A2F6-A46509F9D824}"
EndProject
Project("{9A19103F-16F7-4668-BE54-9A1E7A4F7556}") = "EventHub.DbMigrator", "src\EventHub.DbMigrator\EventHub.DbMigrator.csproj", "{AA94D832-1CCC-4715-95A9-A483F23A1A5D}"
EndProject
Project("{9A19103F-16F7-4668-BE54-9A1E7A4F7556}") = "EventHub.Admin.Web", "src\EventHub.Admin.Web\EventHub.Admin.Web.csproj", "{27B2DDC7-8B75-4322-A312-25419C15D9D8}"
EndProject
Project("{FAE04EC0-301F-11D3-BF4B-00C04F79EFBC}") = "EventHub.Web", "src\EventHub.Web\EventHub.Web.csproj", "{19F3FAD2-740F-4933-A394-4B030E2ABE6A}"
EndProject
Project("{FAE04EC0-301F-11D3-BF4B-00C04F79EFBC}") = "EventHub.BackgroundServices", "src\EventHub.BackgroundServices\EventHub.BackgroundServices.csproj", "{7A16923F-06FA-40B4-8A54-69E7828B1D69}"
EndProject
Project("{2150E333-8FDC-42A3-9474-1A3956D46DE8}") = "admin", "admin", "{7016C0D2-D0D5-498B-9FA7-8ABA8F5C39EF}"
EndProject
Project("{2150E333-8FDC-42A3-9474-1A3956D46DE8}") = "common", "common", "{81F0EB50-4CF9-402D-B723-A07E95F8D7CB}"
EndProject
Project("{2150E333-8FDC-42A3-9474-1A3956D46DE8}") = "account", "account", "{BAA6ED88-6783-48EF-8691-46F4BED14023}"
EndProject
Project("{2150E333-8FDC-42A3-9474-1A3956D46DE8}") = "www", "www", "{F8CF0FE2-9F75-4940-92EC-3D021416DEBF}"
EndProject
Project("{2150E333-8FDC-42A3-9474-1A3956D46DE8}") = "common", "common", "{BBD74390-60B3-4AE4-80B4-956565C3E612}"
EndProject
Project("{2150E333-8FDC-42A3-9474-1A3956D46DE8}") = "www", "www", "{6A874270-A81C-4D32-B841-40DE0CB3D135}"
EndProject
Project("{FAE04EC0-301F-11D3-BF4B-00C04F79EFBC}") = "EventHub.Admin.Application.Contracts", "src\EventHub.Admin.Application.Contracts\EventHub.Admin.Application.Contracts.csproj", "{354AB806-7A90-4646-8263-FF34B812D9EE}"
EndProject
Project("{FAE04EC0-301F-11D3-BF4B-00C04F79EFBC}") = "EventHub.Admin.Application", "src\EventHub.Admin.Application\EventHub.Admin.Application.csproj", "{130FF3E8-CC58-4258-8056-79B289B1C5AD}"
EndProject
Project("{FAE04EC0-301F-11D3-BF4B-00C04F79EFBC}") = "EventHub.Admin.HttpApi", "src\EventHub.Admin.HttpApi\EventHub.Admin.HttpApi.csproj", "{72F85686-311E-4411-8A71-103F4A226DDD}"
EndProject
Project("{FAE04EC0-301F-11D3-BF4B-00C04F79EFBC}") = "EventHub.Admin.HttpApi.Client", "src\EventHub.Admin.HttpApi.Client\EventHub.Admin.HttpApi.Client.csproj", "{C6E4194E-229D-49C9-BDC0-A3E79FD0F50E}"
EndProject
Project("{FAE04EC0-301F-11D3-BF4B-00C04F79EFBC}") = "EventHub.Web.Theme", "src\EventHub.Web.Theme\EventHub.Web.Theme.csproj", "{69BC428E-5C49-4391-9985-0D15523D6922}"
EndProject
Project("{FAE04EC0-301F-11D3-BF4B-00C04F79EFBC}") = "EventHub.Admin.HttpApi.Host", "src\EventHub.Admin.HttpApi.Host\EventHub.Admin.HttpApi.Host.csproj", "{1434105B-DE2C-4AA2-A865-EBA0DBCCA5B0}"
EndProject
Global
	GlobalSection(SolutionConfigurationPlatforms) = preSolution
		Debug|Any CPU = Debug|Any CPU
		Release|Any CPU = Release|Any CPU
	EndGlobalSection
	GlobalSection(ProjectConfigurationPlatforms) = postSolution
		{554AD327-6DBA-4F8F-96F8-81CE7A0C863F}.Debug|Any CPU.ActiveCfg = Debug|Any CPU
		{554AD327-6DBA-4F8F-96F8-81CE7A0C863F}.Debug|Any CPU.Build.0 = Debug|Any CPU
		{554AD327-6DBA-4F8F-96F8-81CE7A0C863F}.Release|Any CPU.ActiveCfg = Release|Any CPU
		{554AD327-6DBA-4F8F-96F8-81CE7A0C863F}.Release|Any CPU.Build.0 = Release|Any CPU
		{1A94A50E-06DC-43C1-80B5-B662820EC3EB}.Debug|Any CPU.ActiveCfg = Debug|Any CPU
		{1A94A50E-06DC-43C1-80B5-B662820EC3EB}.Debug|Any CPU.Build.0 = Debug|Any CPU
		{1A94A50E-06DC-43C1-80B5-B662820EC3EB}.Release|Any CPU.ActiveCfg = Release|Any CPU
		{1A94A50E-06DC-43C1-80B5-B662820EC3EB}.Release|Any CPU.Build.0 = Release|Any CPU
		{C956DD76-69C8-4A9C-83EA-D17DF83340FD}.Debug|Any CPU.ActiveCfg = Debug|Any CPU
		{C956DD76-69C8-4A9C-83EA-D17DF83340FD}.Debug|Any CPU.Build.0 = Debug|Any CPU
		{C956DD76-69C8-4A9C-83EA-D17DF83340FD}.Release|Any CPU.ActiveCfg = Release|Any CPU
		{C956DD76-69C8-4A9C-83EA-D17DF83340FD}.Release|Any CPU.Build.0 = Release|Any CPU
		{50B2631D-129C-47B3-A587-029CCD6099BC}.Debug|Any CPU.ActiveCfg = Debug|Any CPU
		{50B2631D-129C-47B3-A587-029CCD6099BC}.Debug|Any CPU.Build.0 = Debug|Any CPU
		{50B2631D-129C-47B3-A587-029CCD6099BC}.Release|Any CPU.ActiveCfg = Release|Any CPU
		{50B2631D-129C-47B3-A587-029CCD6099BC}.Release|Any CPU.Build.0 = Release|Any CPU
		{42F719ED-8413-4895-B5B4-5AB56079BC66}.Debug|Any CPU.ActiveCfg = Debug|Any CPU
		{42F719ED-8413-4895-B5B4-5AB56079BC66}.Debug|Any CPU.Build.0 = Debug|Any CPU
		{42F719ED-8413-4895-B5B4-5AB56079BC66}.Release|Any CPU.ActiveCfg = Release|Any CPU
		{42F719ED-8413-4895-B5B4-5AB56079BC66}.Release|Any CPU.Build.0 = Release|Any CPU
		{520659C8-C734-4298-A3DA-B539DB9DFC0B}.Debug|Any CPU.ActiveCfg = Debug|Any CPU
		{520659C8-C734-4298-A3DA-B539DB9DFC0B}.Debug|Any CPU.Build.0 = Debug|Any CPU
		{520659C8-C734-4298-A3DA-B539DB9DFC0B}.Release|Any CPU.ActiveCfg = Release|Any CPU
		{520659C8-C734-4298-A3DA-B539DB9DFC0B}.Release|Any CPU.Build.0 = Release|Any CPU
		{4164BDF7-F527-4E85-9CE6-E3C2D7426A27}.Debug|Any CPU.ActiveCfg = Debug|Any CPU
		{4164BDF7-F527-4E85-9CE6-E3C2D7426A27}.Debug|Any CPU.Build.0 = Debug|Any CPU
		{4164BDF7-F527-4E85-9CE6-E3C2D7426A27}.Release|Any CPU.ActiveCfg = Release|Any CPU
		{4164BDF7-F527-4E85-9CE6-E3C2D7426A27}.Release|Any CPU.Build.0 = Release|Any CPU
		{3B5A0094-670D-4BB1-BFDD-61B88A8773DC}.Debug|Any CPU.ActiveCfg = Debug|Any CPU
		{3B5A0094-670D-4BB1-BFDD-61B88A8773DC}.Debug|Any CPU.Build.0 = Debug|Any CPU
		{3B5A0094-670D-4BB1-BFDD-61B88A8773DC}.Release|Any CPU.ActiveCfg = Release|Any CPU
		{3B5A0094-670D-4BB1-BFDD-61B88A8773DC}.Release|Any CPU.Build.0 = Release|Any CPU
		{073C361E-B8F4-49F5-93CC-72A3FF49C026}.Debug|Any CPU.ActiveCfg = Debug|Any CPU
		{073C361E-B8F4-49F5-93CC-72A3FF49C026}.Debug|Any CPU.Build.0 = Debug|Any CPU
		{073C361E-B8F4-49F5-93CC-72A3FF49C026}.Release|Any CPU.ActiveCfg = Release|Any CPU
		{073C361E-B8F4-49F5-93CC-72A3FF49C026}.Release|Any CPU.Build.0 = Release|Any CPU
		{E6D5BF0E-DE92-4D82-A352-EF04B37CB11C}.Debug|Any CPU.ActiveCfg = Debug|Any CPU
		{E6D5BF0E-DE92-4D82-A352-EF04B37CB11C}.Debug|Any CPU.Build.0 = Debug|Any CPU
		{E6D5BF0E-DE92-4D82-A352-EF04B37CB11C}.Release|Any CPU.ActiveCfg = Release|Any CPU
		{E6D5BF0E-DE92-4D82-A352-EF04B37CB11C}.Release|Any CPU.Build.0 = Release|Any CPU
		{1FE30EB9-74A9-47F5-A9F6-7B1FAB672D81}.Debug|Any CPU.ActiveCfg = Debug|Any CPU
		{1FE30EB9-74A9-47F5-A9F6-7B1FAB672D81}.Debug|Any CPU.Build.0 = Debug|Any CPU
		{1FE30EB9-74A9-47F5-A9F6-7B1FAB672D81}.Release|Any CPU.ActiveCfg = Release|Any CPU
		{1FE30EB9-74A9-47F5-A9F6-7B1FAB672D81}.Release|Any CPU.Build.0 = Release|Any CPU
		{91853F21-9CD9-4132-BC29-A7D5D84FFFE7}.Debug|Any CPU.ActiveCfg = Debug|Any CPU
		{91853F21-9CD9-4132-BC29-A7D5D84FFFE7}.Debug|Any CPU.Build.0 = Debug|Any CPU
		{91853F21-9CD9-4132-BC29-A7D5D84FFFE7}.Release|Any CPU.ActiveCfg = Release|Any CPU
		{91853F21-9CD9-4132-BC29-A7D5D84FFFE7}.Release|Any CPU.Build.0 = Release|Any CPU
		{E512F4D9-9375-480F-A2F6-A46509F9D824}.Debug|Any CPU.ActiveCfg = Debug|Any CPU
		{E512F4D9-9375-480F-A2F6-A46509F9D824}.Debug|Any CPU.Build.0 = Debug|Any CPU
		{E512F4D9-9375-480F-A2F6-A46509F9D824}.Release|Any CPU.ActiveCfg = Release|Any CPU
		{E512F4D9-9375-480F-A2F6-A46509F9D824}.Release|Any CPU.Build.0 = Release|Any CPU
		{AA94D832-1CCC-4715-95A9-A483F23A1A5D}.Debug|Any CPU.ActiveCfg = Debug|Any CPU
		{AA94D832-1CCC-4715-95A9-A483F23A1A5D}.Debug|Any CPU.Build.0 = Debug|Any CPU
		{AA94D832-1CCC-4715-95A9-A483F23A1A5D}.Release|Any CPU.ActiveCfg = Release|Any CPU
		{AA94D832-1CCC-4715-95A9-A483F23A1A5D}.Release|Any CPU.Build.0 = Release|Any CPU
		{27B2DDC7-8B75-4322-A312-25419C15D9D8}.Debug|Any CPU.ActiveCfg = Debug|Any CPU
		{27B2DDC7-8B75-4322-A312-25419C15D9D8}.Debug|Any CPU.Build.0 = Debug|Any CPU
		{27B2DDC7-8B75-4322-A312-25419C15D9D8}.Release|Any CPU.ActiveCfg = Release|Any CPU
		{27B2DDC7-8B75-4322-A312-25419C15D9D8}.Release|Any CPU.Build.0 = Release|Any CPU
		{19F3FAD2-740F-4933-A394-4B030E2ABE6A}.Debug|Any CPU.ActiveCfg = Debug|Any CPU
		{19F3FAD2-740F-4933-A394-4B030E2ABE6A}.Debug|Any CPU.Build.0 = Debug|Any CPU
		{19F3FAD2-740F-4933-A394-4B030E2ABE6A}.Release|Any CPU.ActiveCfg = Release|Any CPU
		{19F3FAD2-740F-4933-A394-4B030E2ABE6A}.Release|Any CPU.Build.0 = Release|Any CPU
		{7A16923F-06FA-40B4-8A54-69E7828B1D69}.Debug|Any CPU.ActiveCfg = Debug|Any CPU
		{7A16923F-06FA-40B4-8A54-69E7828B1D69}.Debug|Any CPU.Build.0 = Debug|Any CPU
		{7A16923F-06FA-40B4-8A54-69E7828B1D69}.Release|Any CPU.ActiveCfg = Release|Any CPU
		{7A16923F-06FA-40B4-8A54-69E7828B1D69}.Release|Any CPU.Build.0 = Release|Any CPU
		{354AB806-7A90-4646-8263-FF34B812D9EE}.Debug|Any CPU.ActiveCfg = Debug|Any CPU
		{354AB806-7A90-4646-8263-FF34B812D9EE}.Debug|Any CPU.Build.0 = Debug|Any CPU
		{354AB806-7A90-4646-8263-FF34B812D9EE}.Release|Any CPU.ActiveCfg = Release|Any CPU
		{354AB806-7A90-4646-8263-FF34B812D9EE}.Release|Any CPU.Build.0 = Release|Any CPU
		{130FF3E8-CC58-4258-8056-79B289B1C5AD}.Debug|Any CPU.ActiveCfg = Debug|Any CPU
		{130FF3E8-CC58-4258-8056-79B289B1C5AD}.Debug|Any CPU.Build.0 = Debug|Any CPU
		{130FF3E8-CC58-4258-8056-79B289B1C5AD}.Release|Any CPU.ActiveCfg = Release|Any CPU
		{130FF3E8-CC58-4258-8056-79B289B1C5AD}.Release|Any CPU.Build.0 = Release|Any CPU
		{72F85686-311E-4411-8A71-103F4A226DDD}.Debug|Any CPU.ActiveCfg = Debug|Any CPU
		{72F85686-311E-4411-8A71-103F4A226DDD}.Debug|Any CPU.Build.0 = Debug|Any CPU
		{72F85686-311E-4411-8A71-103F4A226DDD}.Release|Any CPU.ActiveCfg = Release|Any CPU
		{72F85686-311E-4411-8A71-103F4A226DDD}.Release|Any CPU.Build.0 = Release|Any CPU
		{C6E4194E-229D-49C9-BDC0-A3E79FD0F50E}.Debug|Any CPU.ActiveCfg = Debug|Any CPU
		{C6E4194E-229D-49C9-BDC0-A3E79FD0F50E}.Debug|Any CPU.Build.0 = Debug|Any CPU
		{C6E4194E-229D-49C9-BDC0-A3E79FD0F50E}.Release|Any CPU.ActiveCfg = Release|Any CPU
		{C6E4194E-229D-49C9-BDC0-A3E79FD0F50E}.Release|Any CPU.Build.0 = Release|Any CPU
		{69BC428E-5C49-4391-9985-0D15523D6922}.Debug|Any CPU.ActiveCfg = Debug|Any CPU
		{69BC428E-5C49-4391-9985-0D15523D6922}.Debug|Any CPU.Build.0 = Debug|Any CPU
		{69BC428E-5C49-4391-9985-0D15523D6922}.Release|Any CPU.ActiveCfg = Release|Any CPU
		{69BC428E-5C49-4391-9985-0D15523D6922}.Release|Any CPU.Build.0 = Release|Any CPU
		{1434105B-DE2C-4AA2-A865-EBA0DBCCA5B0}.Debug|Any CPU.ActiveCfg = Debug|Any CPU
		{1434105B-DE2C-4AA2-A865-EBA0DBCCA5B0}.Debug|Any CPU.Build.0 = Debug|Any CPU
		{1434105B-DE2C-4AA2-A865-EBA0DBCCA5B0}.Release|Any CPU.ActiveCfg = Release|Any CPU
		{1434105B-DE2C-4AA2-A865-EBA0DBCCA5B0}.Release|Any CPU.Build.0 = Release|Any CPU
	EndGlobalSection
	GlobalSection(SolutionProperties) = preSolution
		HideSolutionNode = FALSE
	EndGlobalSection
	GlobalSection(NestedProjects) = preSolution
		{7016C0D2-D0D5-498B-9FA7-8ABA8F5C39EF} = {CA9AC87F-097E-4F15-8393-4BC07735A5B0}
		{27B2DDC7-8B75-4322-A312-25419C15D9D8} = {7016C0D2-D0D5-498B-9FA7-8ABA8F5C39EF}
		{81F0EB50-4CF9-402D-B723-A07E95F8D7CB} = {CA9AC87F-097E-4F15-8393-4BC07735A5B0}
		{7A16923F-06FA-40B4-8A54-69E7828B1D69} = {81F0EB50-4CF9-402D-B723-A07E95F8D7CB}
		{AA94D832-1CCC-4715-95A9-A483F23A1A5D} = {81F0EB50-4CF9-402D-B723-A07E95F8D7CB}
		{554AD327-6DBA-4F8F-96F8-81CE7A0C863F} = {81F0EB50-4CF9-402D-B723-A07E95F8D7CB}
		{42F719ED-8413-4895-B5B4-5AB56079BC66} = {81F0EB50-4CF9-402D-B723-A07E95F8D7CB}
		{C956DD76-69C8-4A9C-83EA-D17DF83340FD} = {81F0EB50-4CF9-402D-B723-A07E95F8D7CB}
		{BAA6ED88-6783-48EF-8691-46F4BED14023} = {CA9AC87F-097E-4F15-8393-4BC07735A5B0}
		{073C361E-B8F4-49F5-93CC-72A3FF49C026} = {BAA6ED88-6783-48EF-8691-46F4BED14023}
		{F8CF0FE2-9F75-4940-92EC-3D021416DEBF} = {CA9AC87F-097E-4F15-8393-4BC07735A5B0}
		{1A94A50E-06DC-43C1-80B5-B662820EC3EB} = {F8CF0FE2-9F75-4940-92EC-3D021416DEBF}
		{520659C8-C734-4298-A3DA-B539DB9DFC0B} = {F8CF0FE2-9F75-4940-92EC-3D021416DEBF}
		{19F3FAD2-740F-4933-A394-4B030E2ABE6A} = {F8CF0FE2-9F75-4940-92EC-3D021416DEBF}
		{BBD74390-60B3-4AE4-80B4-956565C3E612} = {04DBDB01-70F4-4E06-B468-8F87850B22BE}
		{E512F4D9-9375-480F-A2F6-A46509F9D824} = {BBD74390-60B3-4AE4-80B4-956565C3E612}
		{1FE30EB9-74A9-47F5-A9F6-7B1FAB672D81} = {BBD74390-60B3-4AE4-80B4-956565C3E612}
		{91853F21-9CD9-4132-BC29-A7D5D84FFFE7} = {BBD74390-60B3-4AE4-80B4-956565C3E612}
		{6A874270-A81C-4D32-B841-40DE0CB3D135} = {04DBDB01-70F4-4E06-B468-8F87850B22BE}
		{50B2631D-129C-47B3-A587-029CCD6099BC} = {6A874270-A81C-4D32-B841-40DE0CB3D135}
		{354AB806-7A90-4646-8263-FF34B812D9EE} = {7016C0D2-D0D5-498B-9FA7-8ABA8F5C39EF}
		{130FF3E8-CC58-4258-8056-79B289B1C5AD} = {7016C0D2-D0D5-498B-9FA7-8ABA8F5C39EF}
		{3B5A0094-670D-4BB1-BFDD-61B88A8773DC} = {F8CF0FE2-9F75-4940-92EC-3D021416DEBF}
		{4164BDF7-F527-4E85-9CE6-E3C2D7426A27} = {F8CF0FE2-9F75-4940-92EC-3D021416DEBF}
		{72F85686-311E-4411-8A71-103F4A226DDD} = {7016C0D2-D0D5-498B-9FA7-8ABA8F5C39EF}
		{C6E4194E-229D-49C9-BDC0-A3E79FD0F50E} = {7016C0D2-D0D5-498B-9FA7-8ABA8F5C39EF}
		{69BC428E-5C49-4391-9985-0D15523D6922} = {F8CF0FE2-9F75-4940-92EC-3D021416DEBF}
		{E6D5BF0E-DE92-4D82-A352-EF04B37CB11C} = {F8CF0FE2-9F75-4940-92EC-3D021416DEBF}
		{1434105B-DE2C-4AA2-A865-EBA0DBCCA5B0} = {7016C0D2-D0D5-498B-9FA7-8ABA8F5C39EF}
	EndGlobalSection
	GlobalSection(ExtensibilityGlobals) = postSolution
		SolutionGuid = {6AAFA1C6-603E-13FA-45E5-7910AA9F661D}
	EndGlobalSection
EndGlobal
