
Microsoft Visual Studio Solution File, Format Version 12.00
# Visual Studio Version 17
VisualStudioVersion = 17.0.31808.319
MinimumVisualStudioVersion = 10.0.40219.1
Project("{9A19103F-16F7-4668-BE54-9A1E7A4F7556}") = "Payment.Domain.Shared", "src\Payment.Domain.Shared\Payment.Domain.Shared.csproj", "{D64C1577-4929-4B60-939E-96DE1534891A}"
EndProject
Project("{9A19103F-16F7-4668-BE54-9A1E7A4F7556}") = "Payment.Domain", "src\Payment.Domain\Payment.Domain.csproj", "{F2840BC7-0188-4606-9126-DADD0F5ABF7A}"
EndProject
Project("{9A19103F-16F7-4668-BE54-9A1E7A4F7556}") = "Payment.Application.Contracts", "src\Payment.Application.Contracts\Payment.Application.Contracts.csproj", "{BD65D04F-08D5-40C1-8C24-77CA0BACB877}"
EndProject
Project("{9A19103F-16F7-4668-BE54-9A1E7A4F7556}") = "Payment.Application", "src\Payment.Application\Payment.Application.csproj", "{78040F9E-3501-4A40-82DF-00A597710F35}"
EndProject
Project("{2150E333-8FDC-42A3-9474-1A3956D46DE8}") = "src", "src", "{649A3FFA-182F-4E56-9717-E6A9A2BEC545}"
EndProject
Project("{2150E333-8FDC-42A3-9474-1A3956D46DE8}") = "test", "test", "{CCD2960C-23CC-4AB4-B84D-60C7AAA52F4D}"
EndProject
Project("{9A19103F-16F7-4668-BE54-9A1E7A4F7556}") = "Payment.EntityFrameworkCore", "src\Payment.EntityFrameworkCore\Payment.EntityFrameworkCore.csproj", "{0CE86223-D31D-4315-A1F5-87BA3EE1B844}"
EndProject
Project("{9A19103F-16F7-4668-BE54-9A1E7A4F7556}") = "Payment.HttpApi", "src\Payment.HttpApi\Payment.HttpApi.csproj", "{077AA5F8-8B61-420C-A6B5-0150A66FDB34}"
EndProject
Project("{9A19103F-16F7-4668-BE54-9A1E7A4F7556}") = "Payment.TestBase", "test\Payment.TestBase\Payment.TestBase.csproj", "{C5BB573D-3030-4BCB-88B7-F6A85C32766C}"
EndProject
Project("{9A19103F-16F7-4668-BE54-9A1E7A4F7556}") = "Payment.EntityFrameworkCore.Tests", "test\Payment.EntityFrameworkCore.Tests\Payment.EntityFrameworkCore.Tests.csproj", "{527F645C-C1FC-406E-8479-81386C8ECF13}"
EndProject
Project("{9A19103F-16F7-4668-BE54-9A1E7A4F7556}") = "Payment.Domain.Tests", "test\Payment.Domain.Tests\Payment.Domain.Tests.csproj", "{E60895E5-79C4-447D-88B7-85CB5BA336A4}"
EndProject
Project("{9A19103F-16F7-4668-BE54-9A1E7A4F7556}") = "Payment.Application.Tests", "test\Payment.Application.Tests\Payment.Application.Tests.csproj", "{90CB5DC4-C040-45C7-8900-9688B26405BC}"
EndProject
Project("{9A19103F-16F7-4668-BE54-9A1E7A4F7556}") = "Payment.Web", "src\Payment.Web\Payment.Web.csproj", "{3B7B6317-1B85-4164-8E11-75574F80AE17}"
EndProject
Project("{2150E333-8FDC-42A3-9474-1A3956D46DE8}") = "common", "common", "{E46CF089-D16A-4761-BE24-1B1B1D49225A}"
EndProject
Project("{2150E333-8FDC-42A3-9474-1A3956D46DE8}") = "www", "www", "{4EF8B98A-E7A3-48A6-9C1F-10DE32001213}"
EndProject
Project("{2150E333-8FDC-42A3-9474-1A3956D46DE8}") = "admin", "admin", "{5B39D229-146D-423E-9E50-91471851824E}"
EndProject
Project("{2150E333-8FDC-42A3-9474-1A3956D46DE8}") = "common", "common", "{EFBC83DB-A546-471E-99E4-4948C3ADCAA1}"
EndProject
Project("{2150E333-8FDC-42A3-9474-1A3956D46DE8}") = "www", "www", "{D3FD0217-A8C7-4BAF-BF77-962F1B055515}"
EndProject
Project("{2150E333-8FDC-42A3-9474-1A3956D46DE8}") = "admin", "admin", "{FC718EF0-43EB-4767-9578-95FA0B3727A5}"
EndProject
Project("{9A19103F-16F7-4668-BE54-9A1E7A4F7556}") = "Payment.HttpApi.Client", "src\Payment.HttpApi.Client\Payment.HttpApi.Client.csproj", "{3FF65447-69D5-4115-8398-8156FB381215}"
EndProject
Project("{9A19103F-16F7-4668-BE54-9A1E7A4F7556}") = "Payment.BackgroundServices", "src\Payment.BackgroundServices\Payment.BackgroundServices.csproj", "{98CAA357-46A3-48EC-B5D9-27C706862351}"
EndProject
Project("{FAE04EC0-301F-11D3-BF4B-00C04F79EFBC}") = "Payment.Admin.Application.Contracts", "src\Payment.Admin.Application.Contracts\Payment.Admin.Application.Contracts.csproj", "{B4D6C73B-2848-4B0C-BFA5-7EBEA59F6A75}"
EndProject
Project("{FAE04EC0-301F-11D3-BF4B-00C04F79EFBC}") = "Payment.Admin.Application", "src\Payment.Admin.Application\Payment.Admin.Application.csproj", "{267E26D0-3401-4945-AD58-30FE482566DD}"
EndProject
Project("{FAE04EC0-301F-11D3-BF4B-00C04F79EFBC}") = "Payment.Admin.HttpApi", "src\Payment.Admin.HttpApi\Payment.Admin.HttpApi.csproj", "{046100DA-71ED-43C5-8C33-D424D678DBEA}"
EndProject
Project("{FAE04EC0-301F-11D3-BF4B-00C04F79EFBC}") = "Payment.Admin.HttpApi.Client", "src\Payment.Admin.HttpApi.Client\Payment.Admin.HttpApi.Client.csproj", "{A791943D-3F0B-41E3-AE73-15A60180B4A5}"
EndProject
Project("{FAE04EC0-301F-11D3-BF4B-00C04F79EFBC}") = "Payment.Admin.Blazor", "src\Payment.Admin.Blazor\Payment.Admin.Blazor.csproj", "{7C6D6C96-0816-43F3-81C8-44CBC18434DE}"
EndProject
Project("{FAE04EC0-301F-11D3-BF4B-00C04F79EFBC}") = "Payment.Admin.Application.Tests", "test\Payment.Admin.Application.Tests\Payment.Admin.Application.Tests.csproj", "{E31DBDFE-1CC7-4E1B-B65C-C3810BF85981}"
EndProject
Global
	GlobalSection(SolutionConfigurationPlatforms) = preSolution
		Debug|Any CPU = Debug|Any CPU
		Release|Any CPU = Release|Any CPU
	EndGlobalSection
	GlobalSection(ProjectConfigurationPlatforms) = postSolution
		{D64C1577-4929-4B60-939E-96DE1534891A}.Debug|Any CPU.ActiveCfg = Debug|Any CPU
		{D64C1577-4929-4B60-939E-96DE1534891A}.Debug|Any CPU.Build.0 = Debug|Any CPU
		{D64C1577-4929-4B60-939E-96DE1534891A}.Release|Any CPU.ActiveCfg = Release|Any CPU
		{D64C1577-4929-4B60-939E-96DE1534891A}.Release|Any CPU.Build.0 = Release|Any CPU
		{F2840BC7-0188-4606-9126-DADD0F5ABF7A}.Debug|Any CPU.ActiveCfg = Debug|Any CPU
		{F2840BC7-0188-4606-9126-DADD0F5ABF7A}.Debug|Any CPU.Build.0 = Debug|Any CPU
		{F2840BC7-0188-4606-9126-DADD0F5ABF7A}.Release|Any CPU.ActiveCfg = Release|Any CPU
		{F2840BC7-0188-4606-9126-DADD0F5ABF7A}.Release|Any CPU.Build.0 = Release|Any CPU
		{BD65D04F-08D5-40C1-8C24-77CA0BACB877}.Debug|Any CPU.ActiveCfg = Debug|Any CPU
		{BD65D04F-08D5-40C1-8C24-77CA0BACB877}.Debug|Any CPU.Build.0 = Debug|Any CPU
		{BD65D04F-08D5-40C1-8C24-77CA0BACB877}.Release|Any CPU.ActiveCfg = Release|Any CPU
		{BD65D04F-08D5-40C1-8C24-77CA0BACB877}.Release|Any CPU.Build.0 = Release|Any CPU
		{78040F9E-3501-4A40-82DF-00A597710F35}.Debug|Any CPU.ActiveCfg = Debug|Any CPU
		{78040F9E-3501-4A40-82DF-00A597710F35}.Debug|Any CPU.Build.0 = Debug|Any CPU
		{78040F9E-3501-4A40-82DF-00A597710F35}.Release|Any CPU.ActiveCfg = Release|Any CPU
		{78040F9E-3501-4A40-82DF-00A597710F35}.Release|Any CPU.Build.0 = Release|Any CPU
		{0CE86223-D31D-4315-A1F5-87BA3EE1B844}.Debug|Any CPU.ActiveCfg = Debug|Any CPU
		{0CE86223-D31D-4315-A1F5-87BA3EE1B844}.Debug|Any CPU.Build.0 = Debug|Any CPU
		{0CE86223-D31D-4315-A1F5-87BA3EE1B844}.Release|Any CPU.ActiveCfg = Release|Any CPU
		{0CE86223-D31D-4315-A1F5-87BA3EE1B844}.Release|Any CPU.Build.0 = Release|Any CPU
		{077AA5F8-8B61-420C-A6B5-0150A66FDB34}.Debug|Any CPU.ActiveCfg = Debug|Any CPU
		{077AA5F8-8B61-420C-A6B5-0150A66FDB34}.Debug|Any CPU.Build.0 = Debug|Any CPU
		{077AA5F8-8B61-420C-A6B5-0150A66FDB34}.Release|Any CPU.ActiveCfg = Release|Any CPU
		{077AA5F8-8B61-420C-A6B5-0150A66FDB34}.Release|Any CPU.Build.0 = Release|Any CPU
		{C5BB573D-3030-4BCB-88B7-F6A85C32766C}.Debug|Any CPU.ActiveCfg = Debug|Any CPU
		{C5BB573D-3030-4BCB-88B7-F6A85C32766C}.Debug|Any CPU.Build.0 = Debug|Any CPU
		{C5BB573D-3030-4BCB-88B7-F6A85C32766C}.Release|Any CPU.ActiveCfg = Release|Any CPU
		{C5BB573D-3030-4BCB-88B7-F6A85C32766C}.Release|Any CPU.Build.0 = Release|Any CPU
		{527F645C-C1FC-406E-8479-81386C8ECF13}.Debug|Any CPU.ActiveCfg = Debug|Any CPU
		{527F645C-C1FC-406E-8479-81386C8ECF13}.Debug|Any CPU.Build.0 = Debug|Any CPU
		{527F645C-C1FC-406E-8479-81386C8ECF13}.Release|Any CPU.ActiveCfg = Release|Any CPU
		{527F645C-C1FC-406E-8479-81386C8ECF13}.Release|Any CPU.Build.0 = Release|Any CPU
		{E60895E5-79C4-447D-88B7-85CB5BA336A4}.Debug|Any CPU.ActiveCfg = Debug|Any CPU
		{E60895E5-79C4-447D-88B7-85CB5BA336A4}.Debug|Any CPU.Build.0 = Debug|Any CPU
		{E60895E5-79C4-447D-88B7-85CB5BA336A4}.Release|Any CPU.ActiveCfg = Release|Any CPU
		{E60895E5-79C4-447D-88B7-85CB5BA336A4}.Release|Any CPU.Build.0 = Release|Any CPU
		{90CB5DC4-C040-45C7-8900-9688B26405BC}.Debug|Any CPU.ActiveCfg = Debug|Any CPU
		{90CB5DC4-C040-45C7-8900-9688B26405BC}.Debug|Any CPU.Build.0 = Debug|Any CPU
		{90CB5DC4-C040-45C7-8900-9688B26405BC}.Release|Any CPU.ActiveCfg = Release|Any CPU
		{90CB5DC4-C040-45C7-8900-9688B26405BC}.Release|Any CPU.Build.0 = Release|Any CPU
		{3B7B6317-1B85-4164-8E11-75574F80AE17}.Debug|Any CPU.ActiveCfg = Debug|Any CPU
		{3B7B6317-1B85-4164-8E11-75574F80AE17}.Debug|Any CPU.Build.0 = Debug|Any CPU
		{3B7B6317-1B85-4164-8E11-75574F80AE17}.Release|Any CPU.ActiveCfg = Release|Any CPU
		{3B7B6317-1B85-4164-8E11-75574F80AE17}.Release|Any CPU.Build.0 = Release|Any CPU
		{3FF65447-69D5-4115-8398-8156FB381215}.Debug|Any CPU.ActiveCfg = Debug|Any CPU
		{3FF65447-69D5-4115-8398-8156FB381215}.Debug|Any CPU.Build.0 = Debug|Any CPU
		{3FF65447-69D5-4115-8398-8156FB381215}.Release|Any CPU.ActiveCfg = Release|Any CPU
		{3FF65447-69D5-4115-8398-8156FB381215}.Release|Any CPU.Build.0 = Release|Any CPU
		{98CAA357-46A3-48EC-B5D9-27C706862351}.Debug|Any CPU.ActiveCfg = Debug|Any CPU
		{98CAA357-46A3-48EC-B5D9-27C706862351}.Debug|Any CPU.Build.0 = Debug|Any CPU
		{98CAA357-46A3-48EC-B5D9-27C706862351}.Release|Any CPU.ActiveCfg = Release|Any CPU
		{98CAA357-46A3-48EC-B5D9-27C706862351}.Release|Any CPU.Build.0 = Release|Any CPU
		{B4D6C73B-2848-4B0C-BFA5-7EBEA59F6A75}.Debug|Any CPU.ActiveCfg = Debug|Any CPU
		{B4D6C73B-2848-4B0C-BFA5-7EBEA59F6A75}.Debug|Any CPU.Build.0 = Debug|Any CPU
		{B4D6C73B-2848-4B0C-BFA5-7EBEA59F6A75}.Release|Any CPU.ActiveCfg = Release|Any CPU
		{B4D6C73B-2848-4B0C-BFA5-7EBEA59F6A75}.Release|Any CPU.Build.0 = Release|Any CPU
		{267E26D0-3401-4945-AD58-30FE482566DD}.Debug|Any CPU.ActiveCfg = Debug|Any CPU
		{267E26D0-3401-4945-AD58-30FE482566DD}.Debug|Any CPU.Build.0 = Debug|Any CPU
		{267E26D0-3401-4945-AD58-30FE482566DD}.Release|Any CPU.ActiveCfg = Release|Any CPU
		{267E26D0-3401-4945-AD58-30FE482566DD}.Release|Any CPU.Build.0 = Release|Any CPU
		{046100DA-71ED-43C5-8C33-D424D678DBEA}.Debug|Any CPU.ActiveCfg = Debug|Any CPU
		{046100DA-71ED-43C5-8C33-D424D678DBEA}.Debug|Any CPU.Build.0 = Debug|Any CPU
		{046100DA-71ED-43C5-8C33-D424D678DBEA}.Release|Any CPU.ActiveCfg = Release|Any CPU
		{046100DA-71ED-43C5-8C33-D424D678DBEA}.Release|Any CPU.Build.0 = Release|Any CPU
		{A791943D-3F0B-41E3-AE73-15A60180B4A5}.Debug|Any CPU.ActiveCfg = Debug|Any CPU
		{A791943D-3F0B-41E3-AE73-15A60180B4A5}.Debug|Any CPU.Build.0 = Debug|Any CPU
		{A791943D-3F0B-41E3-AE73-15A60180B4A5}.Release|Any CPU.ActiveCfg = Release|Any CPU
		{A791943D-3F0B-41E3-AE73-15A60180B4A5}.Release|Any CPU.Build.0 = Release|Any CPU
		{7C6D6C96-0816-43F3-81C8-44CBC18434DE}.Debug|Any CPU.ActiveCfg = Debug|Any CPU
		{7C6D6C96-0816-43F3-81C8-44CBC18434DE}.Debug|Any CPU.Build.0 = Debug|Any CPU
		{7C6D6C96-0816-43F3-81C8-44CBC18434DE}.Release|Any CPU.ActiveCfg = Release|Any CPU
		{7C6D6C96-0816-43F3-81C8-44CBC18434DE}.Release|Any CPU.Build.0 = Release|Any CPU
		{E31DBDFE-1CC7-4E1B-B65C-C3810BF85981}.Debug|Any CPU.ActiveCfg = Debug|Any CPU
		{E31DBDFE-1CC7-4E1B-B65C-C3810BF85981}.Debug|Any CPU.Build.0 = Debug|Any CPU
		{E31DBDFE-1CC7-4E1B-B65C-C3810BF85981}.Release|Any CPU.ActiveCfg = Release|Any CPU
		{E31DBDFE-1CC7-4E1B-B65C-C3810BF85981}.Release|Any CPU.Build.0 = Release|Any CPU
	EndGlobalSection
	GlobalSection(SolutionProperties) = preSolution
		HideSolutionNode = FALSE
	EndGlobalSection
	GlobalSection(NestedProjects) = preSolution
		{D64C1577-4929-4B60-939E-96DE1534891A} = {E46CF089-D16A-4761-BE24-1B1B1D49225A}
		{F2840BC7-0188-4606-9126-DADD0F5ABF7A} = {E46CF089-D16A-4761-BE24-1B1B1D49225A}
		{BD65D04F-08D5-40C1-8C24-77CA0BACB877} = {4EF8B98A-E7A3-48A6-9C1F-10DE32001213}
		{78040F9E-3501-4A40-82DF-00A597710F35} = {4EF8B98A-E7A3-48A6-9C1F-10DE32001213}
		{0CE86223-D31D-4315-A1F5-87BA3EE1B844} = {E46CF089-D16A-4761-BE24-1B1B1D49225A}
		{077AA5F8-8B61-420C-A6B5-0150A66FDB34} = {4EF8B98A-E7A3-48A6-9C1F-10DE32001213}
		{C5BB573D-3030-4BCB-88B7-F6A85C32766C} = {EFBC83DB-A546-471E-99E4-4948C3ADCAA1}
		{527F645C-C1FC-406E-8479-81386C8ECF13} = {EFBC83DB-A546-471E-99E4-4948C3ADCAA1}
		{E60895E5-79C4-447D-88B7-85CB5BA336A4} = {EFBC83DB-A546-471E-99E4-4948C3ADCAA1}
		{90CB5DC4-C040-45C7-8900-9688B26405BC} = {D3FD0217-A8C7-4BAF-BF77-962F1B055515}
		{3B7B6317-1B85-4164-8E11-75574F80AE17} = {4EF8B98A-E7A3-48A6-9C1F-10DE32001213}
		{E46CF089-D16A-4761-BE24-1B1B1D49225A} = {649A3FFA-182F-4E56-9717-E6A9A2BEC545}
		{4EF8B98A-E7A3-48A6-9C1F-10DE32001213} = {649A3FFA-182F-4E56-9717-E6A9A2BEC545}
		{5B39D229-146D-423E-9E50-91471851824E} = {649A3FFA-182F-4E56-9717-E6A9A2BEC545}
		{EFBC83DB-A546-471E-99E4-4948C3ADCAA1} = {CCD2960C-23CC-4AB4-B84D-60C7AAA52F4D}
		{D3FD0217-A8C7-4BAF-BF77-962F1B055515} = {CCD2960C-23CC-4AB4-B84D-60C7AAA52F4D}
		{FC718EF0-43EB-4767-9578-95FA0B3727A5} = {CCD2960C-23CC-4AB4-B84D-60C7AAA52F4D}
		{3FF65447-69D5-4115-8398-8156FB381215} = {4EF8B98A-E7A3-48A6-9C1F-10DE32001213}
		{98CAA357-46A3-48EC-B5D9-27C706862351} = {E46CF089-D16A-4761-BE24-1B1B1D49225A}
		{B4D6C73B-2848-4B0C-BFA5-7EBEA59F6A75} = {5B39D229-146D-423E-9E50-91471851824E}
		{267E26D0-3401-4945-AD58-30FE482566DD} = {5B39D229-146D-423E-9E50-91471851824E}
		{046100DA-71ED-43C5-8C33-D424D678DBEA} = {5B39D229-146D-423E-9E50-91471851824E}
		{A791943D-3F0B-41E3-AE73-15A60180B4A5} = {5B39D229-146D-423E-9E50-91471851824E}
		{7C6D6C96-0816-43F3-81C8-44CBC18434DE} = {5B39D229-146D-423E-9E50-91471851824E}
		{E31DBDFE-1CC7-4E1B-B65C-C3810BF85981} = {FC718EF0-43EB-4767-9578-95FA0B3727A5}
	EndGlobalSection
	GlobalSection(ExtensibilityGlobals) = postSolution
		SolutionGuid = {6AAFA1C6-603E-13FA-45E5-7910AA9F661D}
	EndGlobalSection
EndGlobal
